# This file is autogenerated, do not edit; changes may be undone by the next 'dep ensure'.


[[projects]]
  name = "github.com/NYTimes/gziphandler"
  packages = ["."]
  revision = "172fbbbb329cf7e031dd3ab35766186fc2081eab"

[[projects]]
  branch = "master"
  name = "github.com/bmizerany/mc"
  packages = ["."]
  revision = "eadf44dc7cb45eb1a735304f6988511d4f8c4bd6"

[[projects]]
  name = "github.com/buger/jsonparser"
  packages = ["."]
  revision = "f04e003e4115787c6272636780bc206e5ffad6c4"

[[projects]]
  branch = "master"
  name = "github.com/daohoangson/go-minify"
  packages = ["css"]
  revision = "21824099efdd57011361c6d7047160846b3fec78"

[[projects]]
  name = "github.com/go-sql-driver/mysql"
  packages = ["."]
  revision = "ce924a41eea897745442daaa1739089b0f3f561d"

[[projects]]
  name = "github.com/rs/cors"
  packages = ["."]
  revision = "a62a804a8a009876ca59105f7899938a1349f4b3"
  version = "v1.0"

[[projects]]
  name = "github.com/rs/xhandler"
  packages = ["."]
  revision = "ed27b6fd65218132ee50cd95f38474a3d8a2cd12"
  version = "v.11"

[[projects]]
  name = "github.com/rubenv/sql-migrate"
  packages = [
    ".",
    "sqlparse"
  ]
  revision = "6f4757563362064790a6687a6b60f182062c8634"

[[projects]]
  name = "github.com/tdewolff/buffer"
  packages = ["."]
  revision = "0edfcb7b750146ff879e95831de2ef53605a5cb5"

[[projects]]
  name = "github.com/tdewolff/minify"
  packages = [
    ".",
    "css",
    "js",
    "json",
    "svg"
  ]
  revision = "90e4d88dd57e7c5e4773faaa84478b24b5495e8c"

[[projects]]
  name = "github.com/tdewolff/parse"
  packages = [
    ".",
    "css",
    "js",
    "json",
    "svg",
    "xml"
  ]
  revision = "5c35632ca368ebf46247ede2b96e9f6c0258fae0"

[[projects]]
  name = "github.com/tdewolff/strconv"
  packages = ["."]
  revision = "3e8091f4417ebaaa3910da63a45ea394ebbfb0e3"
  version = "v1.0.0"

[[projects]]
  name = "golang.org/x/net"
  packages = ["context"]
  revision = "c46f265c325130a7a6c7b27db8c6fe14b64f1a68"

[[projects]]
  name = "gopkg.in/gorp.v1"
  packages = ["."]
  revision = "c87af80f3cc5036b55b83d77171e156791085e2e"
  version = "v1.7.1"

[solve-meta]
  analyzer-name = "dep"
  analyzer-version = 1
  inputs-digest = "ff6d23e42e7caebc45c6af263d476556c482492c91c4893135319b27a3bda356"
  solver-name = "gps-cdcl"
  solver-version = 1
